github.com/cdvelop/model v0.0.123 h1:I64rUnxNjT7z/6Tg/83NpSLk2aX5+eESgmOgrr1AFVs=
github.com/cdvelop/model v0.0.123/go.mod h1:cYJNxbv1WV/aDgiVPV9VXs8LrbF8+0nU+X+KfSevyzw=
github.com/cdvelop/strings v0.0.9 h1:yDh2msl3EQja0dHw+oOHfD9ymQMa50KakKTkjsXDnvw=
github.com/cdvelop/strings v0.0.9/go.mod h1:zNexDeXHRETbMmlmNThQeM7ksRsvzrphsCfwuSxaURk=
